// !$*UTF8*$!
{
	archiveVersion = 1;
	classes = {
	};
	objectVersion = 77;
	objects = {

/* Begin PBXContainerItemProxy section */
		4B3FCB5D2E1086A900FA527E /* PBXContainerItemProxy */ = {
			isa = PBXContainerItemProxy;
			containerPortal = 4B3FCB472E1086A800FA527E /* Project object */;
			proxyType = 1;
			remoteGlobalIDString = 4B3FCB4E2E1086A800FA527E;
			remoteInfo = TestLeboncoin2025SwiftUI;
		};
		4B3FCB672E1086A900FA527E /* PBXContainerItemProxy */ = {
			isa = PBXContainerItemProxy;
			containerPortal = 4B3FCB472E1086A800FA527E /* Project object */;
			proxyType = 1;
			remoteGlobalIDString = 4B3FCB4E2E1086A800FA527E;
			remoteInfo = TestLeboncoin2025SwiftUI;
		};
/* End PBXContainerItemProxy section */

/* Begin PBXFileReference section */
		4B3FCB4F2E1086A800FA527E /* TestLeboncoin2025SwiftUI.app */ = {isa = PBXFileReference; explicitFileType = wrapper.application; includeInIndex = 0; path = TestLeboncoin2025SwiftUI.app; sourceTree = BUILT_PRODUCTS_DIR; };
		4B3FCB5C2E1086A900FA527E /* TestLeboncoin2025SwiftUITests.xctest */ = {isa = PBXFileReference; explicitFileType = wrapper.cfbundle; includeInIndex = 0; path = TestLeboncoin2025SwiftUITests.xctest; sourceTree = BUILT_PRODUCTS_DIR; };
		4B3FCB662E1086A900FA527E /* TestLeboncoin2025SwiftUIUITests.xctest */ = {isa = PBXFileReference; explicitFileType = wrapper.cfbundle; includeInIndex = 0; path = TestLeboncoin2025SwiftUIUITests.xctest; sourceTree = BUILT_PRODUCTS_DIR; };
/* End PBXFileReference section */

/* Begin PBXFileSystemSynchronizedRootGroup section */
		4B3FCB512E1086A800FA527E /* TestLeboncoin2025SwiftUI */ = {
			isa = PBXFileSystemSynchronizedRootGroup;
			path = TestLeboncoin2025SwiftUI;
			sourceTree = "<group>";
		};
		4B3FCB5F2E1086A900FA527E /* TestLeboncoin2025SwiftUITests */ = {
			isa = PBXFileSystemSynchronizedRootGroup;
			path = TestLeboncoin2025SwiftUITests;
			sourceTree = "<group>";
		};
		4B3FCB692E1086A900FA527E /* TestLeboncoin2025SwiftUIUITests */ = {
			isa = PBXFileSystemSynchronizedRootGroup;
			path = TestLeboncoin2025SwiftUIUITests;
			sourceTree = "<group>";
		};
/* End PBXFileSystemSynchronizedRootGroup section */

/* Begin PBXFrameworksBuildPhase section */
		4B3FCB4C2E1086A800FA527E /* Frameworks */ = {
			isa = PBXFrameworksBuildPhase;
			buildActionMask = 2147483647;
			files = (
			);
			runOnlyForDeploymentPostprocessing = 0;
		};
		4B3FCB592E1086A900FA527E /* Frameworks */ = {
			isa = PBXFrameworksBuildPhase;
			buildActionMask = 2147483647;
			files = (
			);
			runOnlyForDeploymentPostprocessing = 0;
		};
		4B3FCB632E1086A900FA527E /* Frameworks */ = {
			isa = PBXFrameworksBuildPhase;
			buildActionMask = 2147483647;
			files = (
			);
			runOnlyForDeploymentPostprocessing = 0;
		};
/* End PBXFrameworksBuildPhase section */

/* Begin PBXGroup section */
		4B3FCB462E1086A800FA527E = {
			isa = PBXGroup;
			children = (
				4B3FCB512E1086A800FA527E /* TestLeboncoin2025SwiftUI */,
				4B3FCB5F2E1086A900FA527E /* TestLeboncoin2025SwiftUITests */,
				4B3FCB692E1086A900FA527E /* TestLeboncoin2025SwiftUIUITests */,
				4B3FCB502E1086A800FA527E /* Products */,
			);
			sourceTree = "<group>";
		};
		4B3FCB502E1086A800FA527E /* Products */ = {
			isa = PBXGroup;
			children = (
				4B3FCB4F2E1086A800FA527E /* TestLeboncoin2025SwiftUI.app */,
				4B3FCB5C2E1086A900FA527E /* TestLeboncoin2025SwiftUITests.xctest */,
				4B3FCB662E1086A900FA527E /* TestLeboncoin2025SwiftUIUITests.xctest */,
			);
			name = Products;
			sourceTree = "<group>";
		};
/* End PBXGroup section */

/* Begin PBXNativeTarget section */
		4B3FCB4E2E1086A800FA527E /* TestLeboncoin2025SwiftUI */ = {
			isa = PBXNativeTarget;
			buildConfigurationList = 4B3FCB702E1086A900FA527E /* Build configuration list for PBXNativeTarget "TestLeboncoin2025SwiftUI" */;
			buildPhases = (
				4B3FCB4B2E1086A800FA527E /* Sources */,
				4B3FCB4C2E1086A800FA527E /* Frameworks */,
				4B3FCB4D2E1086A800FA527E /* Resources */,
			);
			buildRules = (
			);
			dependencies = (
			);
			fileSystemSynchronizedGroups = (
				4B3FCB512E1086A800FA527E /* TestLeboncoin2025SwiftUI */,
			);
			name = TestLeboncoin2025SwiftUI;
			packageProductDependencies = (
			);
			productName = TestLeboncoin2025SwiftUI;
			productReference = 4B3FCB4F2E1086A800FA527E /* TestLeboncoin2025SwiftUI.app */;
			productType = "com.apple.product-type.application";
		};
		4B3FCB5B2E1086A900FA527E /* TestLeboncoin2025SwiftUITests */ = {
			isa = PBXNativeTarget;
			buildConfigurationList = 4B3FCB732E1086A900FA527E /* Build configuration list for PBXNativeTarget "TestLeboncoin2025SwiftUITests" */;
			buildPhases = (
				4B3FCB582E1086A900FA527E /* Sources */,
				4B3FCB592E1086A900FA527E /* Frameworks */,
				4B3FCB5A2E1086A900FA527E /* Resources */,
			);
			buildRules = (
			);
			dependencies = (
				4B3FCB5E2E1086A900FA527E /* PBXTargetDependency */,
			);
			fileSystemSynchronizedGroups = (
				4B3FCB5F2E1086A900FA527E /* TestLeboncoin2025SwiftUITests */,
			);
			name = TestLeboncoin2025SwiftUITests;
			packageProductDependencies = (
			);
			productName = TestLeboncoin2025SwiftUITests;
			productReference = 4B3FCB5C2E1086A900FA527E /* TestLeboncoin2025SwiftUITests.xctest */;
			productType = "com.apple.product-type.bundle.unit-test";
		};
		4B3FCB652E1086A900FA527E /* TestLeboncoin2025SwiftUIUITests */ = {
			isa = PBXNativeTarget;
			buildConfigurationList = 4B3FCB762E1086A900FA527E /* Build configuration list for PBXNativeTarget "TestLeboncoin2025SwiftUIUITests" */;
			buildPhases = (
				4B3FCB622E1086A900FA527E /* Sources */,
				4B3FCB632E1086A900FA527E /* Frameworks */,
				4B3FCB642E1086A900FA527E /* Resources */,
			);
			buildRules = (
			);
			dependencies = (
				4B3FCB682E1086A900FA527E /* PBXTargetDependency */,
			);
			fileSystemSynchronizedGroups = (
				4B3FCB692E1086A900FA527E /* TestLeboncoin2025SwiftUIUITests */,
			);
			name = TestLeboncoin2025SwiftUIUITests;
			packageProductDependencies = (
			);
			productName = TestLeboncoin2025SwiftUIUITests;
			productReference = 4B3FCB662E1086A900FA527E /* TestLeboncoin2025SwiftUIUITests.xctest */;
			productType = "com.apple.product-type.bundle.ui-testing";
		};
/* End PBXNativeTarget section */

/* Begin PBXProject section */
		4B3FCB472E1086A800FA527E /* Project object */ = {
			isa = PBXProject;
			attributes = {
				BuildIndependentTargetsInParallel = 1;
				LastSwiftUpdateCheck = 2600;
				LastUpgradeCheck = 2600;
				TargetAttributes = {
					4B3FCB4E2E1086A800FA527E = {
						CreatedOnToolsVersion = 26.0;
					};
					4B3FCB5B2E1086A900FA527E = {
						CreatedOnToolsVersion = 26.0;
						TestTargetID = 4B3FCB4E2E1086A800FA527E;
					};
					4B3FCB652E1086A900FA527E = {
						CreatedOnToolsVersion = 26.0;
						TestTargetID = 4B3FCB4E2E1086A800FA527E;
					};
				};
			};
			buildConfigurationList = 4B3FCB4A2E1086A800FA527E /* Build configuration list for PBXProject "TestLeboncoin2025SwiftUI" */;
			developmentRegion = en;
			hasScannedForEncodings = 0;
			knownRegions = (
				en,
				Base,
			);
			mainGroup = 4B3FCB462E1086A800FA527E;
			minimizedProjectReferenceProxies = 1;
			preferredProjectObjectVersion = 77;
			productRefGroup = 4B3FCB502E1086A800FA527E /* Products */;
			projectDirPath = "";
			projectRoot = "";
			targets = (
				4B3FCB4E2E1086A800FA527E /* TestLeboncoin2025SwiftUI */,
				4B3FCB5B2E1086A900FA527E /* TestLeboncoin2025SwiftUITests */,
				4B3FCB652E1086A900FA527E /* TestLeboncoin2025SwiftUIUITests */,
			);
		};
/* End PBXProject section */

/* Begin PBXResourcesBuildPhase section */
		4B3FCB4D2E1086A800FA527E /* Resources */ = {
			isa = PBXResourcesBuildPhase;
			buildActionMask = 2147483647;
			files = (
			);
			runOnlyForDeploymentPostprocessing = 0;
		};
		4B3FCB5A2E1086A900FA527E /* Resources */ = {
			isa = PBXResourcesBuildPhase;
			buildActionMask = 2147483647;
			files = (
			);
			runOnlyForDeploymentPostprocessing = 0;
		};
		4B3FCB642E1086A900FA527E /* Resources */ = {
			isa = PBXResourcesBuildPhase;
			buildActionMask = 2147483647;
			files = (
			);
			runOnlyForDeploymentPostprocessing = 0;
		};
/* End PBXResourcesBuildPhase section */

/* Begin PBXSourcesBuildPhase section */
		4B3FCB4B2E1086A800FA527E /* Sources */ = {
			isa = PBXSourcesBuildPhase;
			buildActionMask = 2147483647;
			files = (
			);
			runOnlyForDeploymentPostprocessing = 0;
		};
		4B3FCB582E1086A900FA527E /* Sources */ = {
			isa = PBXSourcesBuildPhase;
			buildActionMask = 2147483647;
			files = (
			);
			runOnlyForDeploymentPostprocessing = 0;
		};
		4B3FCB622E1086A900FA527E /* Sources */ = {
			isa = PBXSourcesBuildPhase;
			buildActionMask = 2147483647;
			files = (
			);
			runOnlyForDeploymentPostprocessing = 0;
		};
/* End PBXSourcesBuildPhase section */

/* Begin PBXTargetDependency section */
		4B3FCB5E2E1086A900FA527E /* PBXTargetDependency */ = {
			isa = PBXTargetDependency;
			target = 4B3FCB4E2E1086A800FA527E /* TestLeboncoin2025SwiftUI */;
			targetProxy = 4B3FCB5D2E1086A900FA527E /* PBXContainerItemProxy */;
		};
		4B3FCB682E1086A900FA527E /* PBXTargetDependency */ = {
			isa = PBXTargetDependency;
			target = 4B3FCB4E2E1086A800FA527E /* TestLeboncoin2025SwiftUI */;
			targetProxy = 4B3FCB672E1086A900FA527E /* PBXContainerItemProxy */;
		};
/* End PBXTargetDependency section */

/* Begin XCBuildConfiguration section */
		4B3FCB6E2E1086A900FA527E /* Debug */ = {
			isa = XCBuildConfiguration;
			buildSettings = {
				ALWAYS_SEARCH_USER_PATHS = NO;
				ASSETCATALOG_COMPILER_GENERATE_SWIFT_ASSET_SYMBOL_EXTENSIONS = YES;
				CLANG_ANALYZER_NONNULL = YES;
				CLANG_ANALYZER_NUMBER_OBJECT_CONVERSION = YES_AGGRESSIVE;
				CLANG_CXX_LANGUAGE_STANDARD = "gnu++20";
				CLANG_ENABLE_MODULES = YES;
				CLANG_ENABLE_OBJC_ARC = YES;
				CLANG_ENABLE_OBJC_WEAK = YES;
				CLANG_WARN_BLOCK_CAPTURE_AUTORELEASING = YES;
				CLANG_WARN_BOOL_CONVERSION = YES;
				CLANG_WARN_COMMA = YES;
				CLANG_WARN_CONSTANT_CONVERSION = YES;
				CLANG_WARN_DEPRECATED_OBJC_IMPLEMENTATIONS = YES;
				CLANG_WARN_DIRECT_OBJC_ISA_USAGE = YES_ERROR;
				CLANG_WARN_DOCUMENTATION_COMMENTS = YES;
				CLANG_WARN_EMPTY_BODY = YES;
				CLANG_WARN_ENUM_CONVERSION = YES;
				CLANG_WARN_INFINITE_RECURSION = YES;
				CLANG_WARN_INT_CONVERSION = YES;
				CLANG_WARN_NON_LITERAL_NULL_CONVERSION = YES;
				CLANG_WARN_OBJC_IMPLICIT_RETAIN_SELF = YES;
				CLANG_WARN_OBJC_LITERAL_CONVERSION = YES;
				CLANG_WARN_OBJC_ROOT_CLASS = YES_ERROR;
				CLANG_WARN_QUOTED_INCLUDE_IN_FRAMEWORK_HEADER = YES;
				CLANG_WARN_RANGE_LOOP_ANALYSIS = YES;
				CLANG_WARN_STRICT_PROTOTYPES = YES;
				CLANG_WARN_SUSPICIOUS_MOVE = YES;
				CLANG_WARN_UNGUARDED_AVAILABILITY = YES_AGGRESSIVE;
				CLANG_WARN_UNREACHABLE_CODE = YES;
				CLANG_WARN__DUPLICATE_METHOD_MATCH = YES;
				COPY_PHASE_STRIP = NO;
				DEBUG_INFORMATION_FORMAT = dwarf;
				DEVELOPMENT_TEAM = LX6HN92HPR;
				ENABLE_STRICT_OBJC_MSGSEND = YES;
				ENABLE_TESTABILITY = YES;
				ENABLE_USER_SCRIPT_SANDBOXING = YES;
				GCC_C_LANGUAGE_STANDARD = gnu17;
				GCC_DYNAMIC_NO_PIC = NO;
				GCC_NO_COMMON_BLOCKS = YES;
				GCC_OPTIMIZATION_LEVEL = 0;
				GCC_PREPROCESSOR_DEFINITIONS = (
					"DEBUG=1",
					"$(inherited)",
				);
				GCC_WARN_64_TO_32_BIT_CONVERSION = YES;
				GCC_WARN_ABOUT_RETURN_TYPE = YES_ERROR;
				GCC_WARN_UNDECLARED_SELECTOR = YES;
				GCC_WARN_UNINITIALIZED_AUTOS = YES_AGGRESSIVE;
				GCC_WARN_UNUSED_FUNCTION = YES;
				GCC_WARN_UNUSED_VARIABLE = YES;
				IPHONEOS_DEPLOYMENT_TARGET = 26.0;
				LOCALIZATION_PREFERS_STRING_CATALOGS = YES;
				MTL_ENABLE_DEBUG_INFO = INCLUDE_SOURCE;
				MTL_FAST_MATH = YES;
				ONLY_ACTIVE_ARCH = YES;
				SDKROOT = iphoneos;
				SWIFT_ACTIVE_COMPILATION_CONDITIONS = "DEBUG $(inherited)";
				SWIFT_OPTIMIZATION_LEVEL = "-Onone";
			};
			name = Debug;
		};
		4B3FCB6F2E1086A900FA527E /* Release */ = {
			isa = XCBuildConfiguration;
			buildSettings = {
				ALWAYS_SEARCH_USER_PATHS = NO;
				ASSETCATALOG_COMPILER_GENERATE_SWIFT_ASSET_SYMBOL_EXTENSIONS = YES;
				CLANG_ANALYZER_NONNULL = YES;
				CLANG_ANALYZER_NUMBER_OBJECT_CONVERSION = YES_AGGRESSIVE;
				CLANG_CXX_LANGUAGE_STANDARD = "gnu++20";
				CLANG_ENABLE_MODULES = YES;
				CLANG_ENABLE_OBJC_ARC = YES;
				CLANG_ENABLE_OBJC_WEAK = YES;
				CLANG_WARN_BLOCK_CAPTURE_AUTORELEASING = YES;
				CLANG_WARN_BOOL_CONVERSION = YES;
				CLANG_WARN_COMMA = YES;
				CLANG_WARN_CONSTANT_CONVERSION = YES;
				CLANG_WARN_DEPRECATED_OBJC_IMPLEMENTATIONS = YES;
				CLANG_WARN_DIRECT_OBJC_ISA_USAGE = YES_ERROR;
				CLANG_WARN_DOCUMENTATION_COMMENTS = YES;
				CLANG_WARN_EMPTY_BODY = YES;
				CLANG_WARN_ENUM_CONVERSION = YES;
				CLANG_WARN_INFINITE_RECURSION = YES;
				CLANG_WARN_INT_CONVERSION = YES;
				CLANG_WARN_NON_LITERAL_NULL_CONVERSION = YES;
				CLANG_WARN_OBJC_IMPLICIT_RETAIN_SELF = YES;
				CLANG_WARN_OBJC_LITERAL_CONVERSION = YES;
				CLANG_WARN_OBJC_ROOT_CLASS = YES_ERROR;
				CLANG_WARN_QUOTED_INCLUDE_IN_FRAMEWORK_HEADER = YES;
				CLANG_WARN_RANGE_LOOP_ANALYSIS = YES;
				CLANG_WARN_STRICT_PROTOTYPES = YES;
				CLANG_WARN_SUSPICIOUS_MOVE = YES;
				CLANG_WARN_UNGUARDED_AVAILABILITY = YES_AGGRESSIVE;
				CLANG_WARN_UNREACHABLE_CODE = YES;
				CLANG_WARN__DUPLICATE_METHOD_MATCH = YES;
				COPY_PHASE_STRIP = NO;
				DEBUG_INFORMATION_FORMAT = "dwarf-with-dsym";
				DEVELOPMENT_TEAM = LX6HN92HPR;
				ENABLE_NS_ASSERTIONS = NO;
				ENABLE_STRICT_OBJC_MSGSEND = YES;
				ENABLE_USER_SCRIPT_SANDBOXING = YES;
				GCC_C_LANGUAGE_STANDARD = gnu17;
				GCC_NO_COMMON_BLOCKS = YES;
				GCC_WARN_64_TO_32_BIT_CONVERSION = YES;
				GCC_WARN_ABOUT_RETURN_TYPE = YES_ERROR;
				GCC_WARN_UNDECLARED_SELECTOR = YES;
				GCC_WARN_UNINITIALIZED_AUTOS = YES_AGGRESSIVE;
				GCC_WARN_UNUSED_FUNCTION = YES;
				GCC_WARN_UNUSED_VARIABLE = YES;
				IPHONEOS_DEPLOYMENT_TARGET = 26.0;
				LOCALIZATION_PREFERS_STRING_CATALOGS = YES;
				MTL_ENABLE_DEBUG_INFO = NO;
				MTL_FAST_MATH = YES;
				SDKROOT = iphoneos;
				SWIFT_COMPILATION_MODE = wholemodule;
				VALIDATE_PRODUCT = YES;
			};
			name = Release;
		};
		4B3FCB712E1086A900FA527E /* Debug */ = {
			isa = XCBuildConfiguration;
			buildSettings = {
				ASSETCATALOG_COMPILER_APPICON_NAME = AppIcon;
				ASSETCATALOG_COMPILER_GLOBAL_ACCENT_COLOR_NAME = AccentColor;
				CODE_SIGN_STYLE = Automatic;
				CURRENT_PROJECT_VERSION = 1;
				DEVELOPMENT_TEAM = LX6HN92HPR;
				ENABLE_PREVIEWS = YES;
				GENERATE_INFOPLIST_FILE = YES;
				INFOPLIST_KEY_UIApplicationSceneManifest_Generation = YES;
				INFOPLIST_KEY_UIApplicationSupportsIndirectInputEvents = YES;
				INFOPLIST_KEY_UILaunchScreen_Generation = YES;
				INFOPLIST_KEY_UISupportedInterfaceOrientations = UIInterfaceOrientationPortrait;
				INFOPLIST_KEY_UISupportedInterfaceOrientations_iPad = "UIInterfaceOrientationLandscapeLeft UIInterfaceOrientationLandscapeRight UIInterfaceOrientationPortrait UIInterfaceOrientationPortraitUpsideDown";
				IPHONEOS_DEPLOYMENT_TARGET = 17.6;
				LD_RUNPATH_SEARCH_PATHS = (
					"$(inherited)",
					"@executable_path/Frameworks",
				);
				MARKETING_VERSION = 1.0;
				PRODUCT_BUNDLE_IDENTIFIER = com.kous92.TestLeboncoin2025SwiftUI;
				PRODUCT_NAME = "$(TARGET_NAME)";
				STRING_CATALOG_GENERATE_SYMBOLS = YES;
				SWIFT_APPROACHABLE_CONCURRENCY = YES;
				SWIFT_DEFAULT_ACTOR_ISOLATION = MainActor;
				SWIFT_EMIT_LOC_STRINGS = YES;
				SWIFT_STRICT_CONCURRENCY = complete;
				SWIFT_UPCOMING_FEATURE_MEMBER_IMPORT_VISIBILITY = YES;
				SWIFT_VERSION = 6.0;
				TARGETED_DEVICE_FAMILY = "1,2";
			};
			name = Debug;
		};
		4B3FCB722E1086A900FA527E /* Release */ = {
			isa = XCBuildConfiguration;
			buildSettings = {
				ASSETCATALOG_COMPILER_APPICON_NAME = AppIcon;
				ASSETCATALOG_COMPILER_GLOBAL_ACCENT_COLOR_NAME = AccentColor;
				CODE_SIGN_STYLE = Automatic;
				CURRENT_PROJECT_VERSION = 1;
				DEVELOPMENT_TEAM = LX6HN92HPR;
				ENABLE_PREVIEWS = YES;
				GENERATE_INFOPLIST_FILE = YES;
				INFOPLIST_KEY_UIApplicationSceneManifest_Generation = YES;
				INFOPLIST_KEY_UIApplicationSupportsIndirectInputEvents = YES;
				INFOPLIST_KEY_UILaunchScreen_Generation = YES;
				INFOPLIST_KEY_UISupportedInterfaceOrientations = UIInterfaceOrientationPortrait;
				INFOPLIST_KEY_UISupportedInterfaceOrientations_iPad = "UIInterfaceOrientationLandscapeLeft UIInterfaceOrientationLandscapeRight UIInterfaceOrientationPortrait UIInterfaceOrientationPortraitUpsideDown";
				IPHONEOS_DEPLOYMENT_TARGET = 17.6;
				LD_RUNPATH_SEARCH_PATHS = (
					"$(inherited)",
					"@executable_path/Frameworks",
				);
				MARKETING_VERSION = 1.0;
				PRODUCT_BUNDLE_IDENTIFIER = com.kous92.TestLeboncoin2025SwiftUI;
				PRODUCT_NAME = "$(TARGET_NAME)";
				STRING_CATALOG_GENERATE_SYMBOLS = YES;
				SWIFT_APPROACHABLE_CONCURRENCY = YES;
				SWIFT_DEFAULT_ACTOR_ISOLATION = MainActor;
				SWIFT_EMIT_LOC_STRINGS = YES;
				SWIFT_STRICT_CONCURRENCY = complete;
				SWIFT_UPCOMING_FEATURE_MEMBER_IMPORT_VISIBILITY = YES;
				SWIFT_VERSION = 6.0;
				TARGETED_DEVICE_FAMILY = "1,2";
			};
			name = Release;
		};
		4B3FCB742E1086A900FA527E /* Debug */ = {
			isa = XCBuildConfiguration;
			buildSettings = {
				BUNDLE_LOADER = "$(TEST_HOST)";
				CODE_SIGN_STYLE = Automatic;
				CURRENT_PROJECT_VERSION = 1;
				DEVELOPMENT_TEAM = LX6HN92HPR;
				GENERATE_INFOPLIST_FILE = YES;
				IPHONEOS_DEPLOYMENT_TARGET = 26.0;
				MARKETING_VERSION = 1.0;
				PRODUCT_BUNDLE_IDENTIFIER = com.kous92.TestLeboncoin2025SwiftUITests;
				PRODUCT_NAME = "$(TARGET_NAME)";
				STRING_CATALOG_GENERATE_SYMBOLS = NO;
				SWIFT_EMIT_LOC_STRINGS = NO;
				SWIFT_UPCOMING_FEATURE_MEMBER_IMPORT_VISIBILITY = YES;
				SWIFT_VERSION = 5.0;
				TARGETED_DEVICE_FAMILY = "1,2";
				TEST_HOST = "$(BUILT_PRODUCTS_DIR)/TestLeboncoin2025SwiftUI.app/$(BUNDLE_EXECUTABLE_FOLDER_PATH)/TestLeboncoin2025SwiftUI";
			};
			name = Debug;
		};
		4B3FCB752E1086A900FA527E /* Release */ = {
			isa = XCBuildConfiguration;
			buildSettings = {
				BUNDLE_LOADER = "$(TEST_HOST)";
				CODE_SIGN_STYLE = Automatic;
				CURRENT_PROJECT_VERSION = 1;
				DEVELOPMENT_TEAM = LX6HN92HPR;
				GENERATE_INFOPLIST_FILE = YES;
				IPHONEOS_DEPLOYMENT_TARGET = 26.0;
				MARKETING_VERSION = 1.0;
				PRODUCT_BUNDLE_IDENTIFIER = com.kous92.TestLeboncoin2025SwiftUITests;
				PRODUCT_NAME = "$(TARGET_NAME)";
				STRING_CATALOG_GENERATE_SYMBOLS = NO;
				SWIFT_EMIT_LOC_STRINGS = NO;
				SWIFT_UPCOMING_FEATURE_MEMBER_IMPORT_VISIBILITY = YES;
				SWIFT_VERSION = 5.0;
				TARGETED_DEVICE_FAMILY = "1,2";
				TEST_HOST = "$(BUILT_PRODUCTS_DIR)/TestLeboncoin2025SwiftUI.app/$(BUNDLE_EXECUTABLE_FOLDER_PATH)/TestLeboncoin2025SwiftUI";
			};
			name = Release;
		};
		4B3FCB772E1086A900FA527E /* Debug */ = {
			isa = XCBuildConfiguration;
			buildSettings = {
				CODE_SIGN_STYLE = Automatic;
				CURRENT_PROJECT_VERSION = 1;
				DEVELOPMENT_TEAM = LX6HN92HPR;
				GENERATE_INFOPLIST_FILE = YES;
				MARKETING_VERSION = 1.0;
				PRODUCT_BUNDLE_IDENTIFIER = com.kous92.TestLeboncoin2025SwiftUIUITests;
				PRODUCT_NAME = "$(TARGET_NAME)";
				STRING_CATALOG_GENERATE_SYMBOLS = NO;
				SWIFT_EMIT_LOC_STRINGS = NO;
				SWIFT_UPCOMING_FEATURE_MEMBER_IMPORT_VISIBILITY = YES;
				SWIFT_VERSION = 5.0;
				TARGETED_DEVICE_FAMILY = "1,2";
				TEST_TARGET_NAME = TestLeboncoin2025SwiftUI;
			};
			name = Debug;
		};
		4B3FCB782E1086A900FA527E /* Release */ = {
			isa = XCBuildConfiguration;
			buildSettings = {
				CODE_SIGN_STYLE = Automatic;
				CURRENT_PROJECT_VERSION = 1;
				DEVELOPMENT_TEAM = LX6HN92HPR;
				GENERATE_INFOPLIST_FILE = YES;
				MARKETING_VERSION = 1.0;
				PRODUCT_BUNDLE_IDENTIFIER = com.kous92.TestLeboncoin2025SwiftUIUITests;
				PRODUCT_NAME = "$(TARGET_NAME)";
				STRING_CATALOG_GENERATE_SYMBOLS = NO;
				SWIFT_EMIT_LOC_STRINGS = NO;
				SWIFT_UPCOMING_FEATURE_MEMBER_IMPORT_VISIBILITY = YES;
				SWIFT_VERSION = 5.0;
				TARGETED_DEVICE_FAMILY = "1,2";
				TEST_TARGET_NAME = TestLeboncoin2025SwiftUI;
			};
			name = Release;
		};
/* End XCBuildConfiguration section */

/* Begin XCConfigurationList section */
		4B3FCB4A2E1086A800FA527E /* Build configuration list for PBXProject "TestLeboncoin2025SwiftUI" */ = {
			isa = XCConfigurationList;
			buildConfigurations = (
				4B3FCB6E2E1086A900FA527E /* Debug */,
				4B3FCB6F2E1086A900FA527E /* Release */,
			);
			defaultConfigurationIsVisible = 0;
			defaultConfigurationName = Release;
		};
		4B3FCB702E1086A900FA527E /* Build configuration list for PBXNativeTarget "TestLeboncoin2025SwiftUI" */ = {
			isa = XCConfigurationList;
			buildConfigurations = (
				4B3FCB712E1086A900FA527E /* Debug */,
				4B3FCB722E1086A900FA527E /* Release */,
			);
			defaultConfigurationIsVisible = 0;
			defaultConfigurationName = Release;
		};
		4B3FCB732E1086A900FA527E /* Build configuration list for PBXNativeTarget "TestLeboncoin2025SwiftUITests" */ = {
			isa = XCConfigurationList;
			buildConfigurations = (
				4B3FCB742E1086A900FA527E /* Debug */,
				4B3FCB752E1086A900FA527E /* Release */,
			);
			defaultConfigurationIsVisible = 0;
			defaultConfigurationName = Release;
		};
		4B3FCB762E1086A900FA527E /* Build configuration list for PBXNativeTarget "TestLeboncoin2025SwiftUIUITests" */ = {
			isa = XCConfigurationList;
			buildConfigurations = (
				4B3FCB772E1086A900FA527E /* Debug */,
				4B3FCB782E1086A900FA527E /* Release */,
			);
			defaultConfigurationIsVisible = 0;
			defaultConfigurationName = Release;
		};
/* End XCConfigurationList section */
	};
	rootObject = 4B3FCB472E1086A800FA527E /* Project object */;
}
